
Microsoft Visual Studio Solution File, Format Version 12.00
# Visual Studio for Mac
Project("{FAE04EC0-301F-11D3-BF4B-00C04F79EFBC}") = "Assembly-CSharp", "Assembly-CSharp.csproj", "{B9EC61E8-3C55-2CCD-A9C0-EEE7930E86D0}"
EndProject
Project("{FAE04EC0-301F-11D3-BF4B-00C04F79EFBC}") = "spine-unity", "spine-unity.csproj", "{D28D86BD-DCED-02F4-8A4B-9619AB406604}"
EndProject
Project("{FAE04EC0-301F-11D3-BF4B-00C04F79EFBC}") = "spine-unity-editor", "spine-unity-editor.csproj", "{EEC55FF9-77D7-1D6C-DC17-7D0EA2B2A1BF}"
EndProject
Global
	GlobalSection(SolutionConfigurationPlatforms) = preSolution
		Debug|Any CPU = Debug|Any CPU
		Release|Any CPU = Release|Any CPU
	EndGlobalSection
	GlobalSection(ProjectConfigurationPlatforms) = postSolution
		{B9EC61E8-3C55-2CCD-A9C0-EEE7930E86D0}.Debug|Any CPU.ActiveCfg = Debug|Any CPU
		{B9EC61E8-3C55-2CCD-A9C0-EEE7930E86D0}.Debug|Any CPU.Build.0 = Debug|Any CPU
		{B9EC61E8-3C55-2CCD-A9C0-EEE7930E86D0}.Release|Any CPU.ActiveCfg = Release|Any CPU
		{B9EC61E8-3C55-2CCD-A9C0-EEE7930E86D0}.Release|Any CPU.Build.0 = Release|Any CPU
		{D28D86BD-DCED-02F4-8A4B-9619AB406604}.Debug|Any CPU.ActiveCfg = Debug|Any CPU
		{D28D86BD-DCED-02F4-8A4B-9619AB406604}.Debug|Any CPU.Build.0 = Debug|Any CPU
		{D28D86BD-DCED-02F4-8A4B-9619AB406604}.Release|Any CPU.ActiveCfg = Release|Any CPU
		{D28D86BD-DCED-02F4-8A4B-9619AB406604}.Release|Any CPU.Build.0 = Release|Any CPU
		{EEC55FF9-77D7-1D6C-DC17-7D0EA2B2A1BF}.Debug|Any CPU.ActiveCfg = Debug|Any CPU
		{EEC55FF9-77D7-1D6C-DC17-7D0EA2B2A1BF}.Debug|Any CPU.Build.0 = Debug|Any CPU
		{EEC55FF9-77D7-1D6C-DC17-7D0EA2B2A1BF}.Release|Any CPU.ActiveCfg = Release|Any CPU
		{EEC55FF9-77D7-1D6C-DC17-7D0EA2B2A1BF}.Release|Any CPU.Build.0 = Release|Any CPU
	EndGlobalSection
	GlobalSection(SolutionProperties) = preSolution
		HideSolutionNode = FALSE
	EndGlobalSection
EndGlobal
